<?xml version="1.0" encoding="UTF-8"?>
<CodeBlocks_project_file>
	<FileVersion major="1" minor="6"/>
	<Project>
		<Option title="Devstone"/>
		<Option makefile_is_custom="1"/>
		<Option compiler="gcc"/>
		<Option virtualFolders="CMake Files\;"/>
		<Build>
			<Target title="all">
				<Option working_dir="/home/kevin/devstone"/>
				<Option type="4"/>
				<MakeCommands>
					<Build command="/usr/bin/make -f &quot;/home/kevin/devstone/Makefile&quot;  VERBOSE=1 all"/>
					<CompileFile command="/usr/bin/make -f &quot;/home/kevin/devstone/Makefile&quot;  VERBOSE=1 &quot;$file&quot;"/>
					<Clean command="/usr/bin/make -f &quot;/home/kevin/devstone/Makefile&quot;  VERBOSE=1 clean"/>
					<DistClean command="/usr/bin/make -f &quot;/home/kevin/devstone/Makefile&quot;  VERBOSE=1 clean"/>
				</MakeCommands>
			</Target>
			<Target title="edit_cache">
				<Option working_dir="/home/kevin/devstone"/>
				<Option type="4"/>
				<MakeCommands>
					<Build command="/usr/bin/make -f &quot;/home/kevin/devstone/Makefile&quot;  VERBOSE=1 edit_cache"/>
					<CompileFile command="/usr/bin/make -f &quot;/home/kevin/devstone/Makefile&quot;  VERBOSE=1 &quot;$file&quot;"/>
					<Clean command="/usr/bin/make -f &quot;/home/kevin/devstone/Makefile&quot;  VERBOSE=1 clean"/>
					<DistClean command="/usr/bin/make -f &quot;/home/kevin/devstone/Makefile&quot;  VERBOSE=1 clean"/>
				</MakeCommands>
			</Target>
			<Target title="rebuild_cache">
				<Option working_dir="/home/kevin/devstone"/>
				<Option type="4"/>
				<MakeCommands>
					<Build command="/usr/bin/make -f &quot;/home/kevin/devstone/Makefile&quot;  VERBOSE=1 rebuild_cache"/>
					<CompileFile command="/usr/bin/make -f &quot;/home/kevin/devstone/Makefile&quot;  VERBOSE=1 &quot;$file&quot;"/>
					<Clean command="/usr/bin/make -f &quot;/home/kevin/devstone/Makefile&quot;  VERBOSE=1 clean"/>
					<DistClean command="/usr/bin/make -f &quot;/home/kevin/devstone/Makefile&quot;  VERBOSE=1 clean"/>
				</MakeCommands>
			</Target>
			<Target title="cdboost-devstone">
				<Option output="/home/kevin/devstone/cdboost-devstone" prefix_auto="0" extension_auto="0"/>
				<Option working_dir="/home/kevin/devstone"/>
				<Option object_output="./"/>
				<Option type="1"/>
				<Option compiler="gcc"/>
				<Compiler>
					<Add directory="/home/kevin/devstone/simulators/cdboost/include"/>
				</Compiler>
				<MakeCommands>
					<Build command="/usr/bin/make -f &quot;/home/kevin/devstone/Makefile&quot;  VERBOSE=1 cdboost-devstone"/>
					<CompileFile command="/usr/bin/make -f &quot;/home/kevin/devstone/Makefile&quot;  VERBOSE=1 &quot;$file&quot;"/>
					<Clean command="/usr/bin/make -f &quot;/home/kevin/devstone/Makefile&quot;  VERBOSE=1 clean"/>
					<DistClean command="/usr/bin/make -f &quot;/home/kevin/devstone/Makefile&quot;  VERBOSE=1 clean"/>
				</MakeCommands>
			</Target>
			<Target title="cdboost-devstone/fast">
				<Option output="/home/kevin/devstone/cdboost-devstone" prefix_auto="0" extension_auto="0"/>
				<Option working_dir="/home/kevin/devstone"/>
				<Option object_output="./"/>
				<Option type="1"/>
				<Option compiler="gcc"/>
				<Compiler>
					<Add directory="/home/kevin/devstone/simulators/cdboost/include"/>
				</Compiler>
				<MakeCommands>
					<Build command="/usr/bin/make -f &quot;/home/kevin/devstone/Makefile&quot;  VERBOSE=1 cdboost-devstone/fast"/>
					<CompileFile command="/usr/bin/make -f &quot;/home/kevin/devstone/Makefile&quot;  VERBOSE=1 &quot;$file&quot;"/>
					<Clean command="/usr/bin/make -f &quot;/home/kevin/devstone/Makefile&quot;  VERBOSE=1 clean"/>
					<DistClean command="/usr/bin/make -f &quot;/home/kevin/devstone/Makefile&quot;  VERBOSE=1 clean"/>
				</MakeCommands>
			</Target>
			<Target title="cadmium-dynamic-conc-devstone">
				<Option output="/home/kevin/devstone/cadmium-dynamic-conc-devstone" prefix_auto="0" extension_auto="0"/>
				<Option working_dir="/home/kevin/devstone"/>
				<Option object_output="./"/>
				<Option type="1"/>
				<Option compiler="gcc"/>
				<Compiler>
					<Add option="-DCADMIUM_EXECUTE_CONCURRENT"/>
					<Add directory="/home/kevin/devstone/simulators/cadmium/include"/>
				</Compiler>
				<MakeCommands>
					<Build command="/usr/bin/make -f &quot;/home/kevin/devstone/Makefile&quot;  VERBOSE=1 cadmium-dynamic-conc-devstone"/>
					<CompileFile command="/usr/bin/make -f &quot;/home/kevin/devstone/Makefile&quot;  VERBOSE=1 &quot;$file&quot;"/>
					<Clean command="/usr/bin/make -f &quot;/home/kevin/devstone/Makefile&quot;  VERBOSE=1 clean"/>
					<DistClean command="/usr/bin/make -f &quot;/home/kevin/devstone/Makefile&quot;  VERBOSE=1 clean"/>
				</MakeCommands>
			</Target>
			<Target title="cadmium-dynamic-conc-devstone/fast">
				<Option output="/home/kevin/devstone/cadmium-dynamic-conc-devstone" prefix_auto="0" extension_auto="0"/>
				<Option working_dir="/home/kevin/devstone"/>
				<Option object_output="./"/>
				<Option type="1"/>
				<Option compiler="gcc"/>
				<Compiler>
					<Add option="-DCADMIUM_EXECUTE_CONCURRENT"/>
					<Add directory="/home/kevin/devstone/simulators/cadmium/include"/>
				</Compiler>
				<MakeCommands>
					<Build command="/usr/bin/make -f &quot;/home/kevin/devstone/Makefile&quot;  VERBOSE=1 cadmium-dynamic-conc-devstone/fast"/>
					<CompileFile command="/usr/bin/make -f &quot;/home/kevin/devstone/Makefile&quot;  VERBOSE=1 &quot;$file&quot;"/>
					<Clean command="/usr/bin/make -f &quot;/home/kevin/devstone/Makefile&quot;  VERBOSE=1 clean"/>
					<DistClean command="/usr/bin/make -f &quot;/home/kevin/devstone/Makefile&quot;  VERBOSE=1 clean"/>
				</MakeCommands>
			</Target>
			<Target title="cadmium-dynamic-devstone">
				<Option output="/home/kevin/devstone/cadmium-dynamic-devstone" prefix_auto="0" extension_auto="0"/>
				<Option working_dir="/home/kevin/devstone"/>
				<Option object_output="./"/>
				<Option type="1"/>
				<Option compiler="gcc"/>
				<Compiler>
					<Add directory="/home/kevin/devstone/simulators/cadmium/include"/>
				</Compiler>
				<MakeCommands>
					<Build command="/usr/bin/make -f &quot;/home/kevin/devstone/Makefile&quot;  VERBOSE=1 cadmium-dynamic-devstone"/>
					<CompileFile command="/usr/bin/make -f &quot;/home/kevin/devstone/Makefile&quot;  VERBOSE=1 &quot;$file&quot;"/>
					<Clean command="/usr/bin/make -f &quot;/home/kevin/devstone/Makefile&quot;  VERBOSE=1 clean"/>
					<DistClean command="/usr/bin/make -f &quot;/home/kevin/devstone/Makefile&quot;  VERBOSE=1 clean"/>
				</MakeCommands>
			</Target>
			<Target title="cadmium-dynamic-devstone/fast">
				<Option output="/home/kevin/devstone/cadmium-dynamic-devstone" prefix_auto="0" extension_auto="0"/>
				<Option working_dir="/home/kevin/devstone"/>
				<Option object_output="./"/>
				<Option type="1"/>
				<Option compiler="gcc"/>
				<Compiler>
					<Add directory="/home/kevin/devstone/simulators/cadmium/include"/>
				</Compiler>
				<MakeCommands>
					<Build command="/usr/bin/make -f &quot;/home/kevin/devstone/Makefile&quot;  VERBOSE=1 cadmium-dynamic-devstone/fast"/>
					<CompileFile command="/usr/bin/make -f &quot;/home/kevin/devstone/Makefile&quot;  VERBOSE=1 &quot;$file&quot;"/>
					<Clean command="/usr/bin/make -f &quot;/home/kevin/devstone/Makefile&quot;  VERBOSE=1 clean"/>
					<DistClean command="/usr/bin/make -f &quot;/home/kevin/devstone/Makefile&quot;  VERBOSE=1 clean"/>
				</MakeCommands>
			</Target>
			<Target title="cadmium-devstone">
				<Option output="/home/kevin/devstone/cadmium-devstone" prefix_auto="0" extension_auto="0"/>
				<Option working_dir="/home/kevin/devstone"/>
				<Option object_output="./"/>
				<Option type="1"/>
				<Option compiler="gcc"/>
				<Compiler>
					<Add directory="/home/kevin/devstone/simulators/cadmium/include"/>
				</Compiler>
				<MakeCommands>
					<Build command="/usr/bin/make -f &quot;/home/kevin/devstone/Makefile&quot;  VERBOSE=1 cadmium-devstone"/>
					<CompileFile command="/usr/bin/make -f &quot;/home/kevin/devstone/Makefile&quot;  VERBOSE=1 &quot;$file&quot;"/>
					<Clean command="/usr/bin/make -f &quot;/home/kevin/devstone/Makefile&quot;  VERBOSE=1 clean"/>
					<DistClean command="/usr/bin/make -f &quot;/home/kevin/devstone/Makefile&quot;  VERBOSE=1 clean"/>
				</MakeCommands>
			</Target>
			<Target title="cadmium-devstone/fast">
				<Option output="/home/kevin/devstone/cadmium-devstone" prefix_auto="0" extension_auto="0"/>
				<Option working_dir="/home/kevin/devstone"/>
				<Option object_output="./"/>
				<Option type="1"/>
				<Option compiler="gcc"/>
				<Compiler>
					<Add directory="/home/kevin/devstone/simulators/cadmium/include"/>
				</Compiler>
				<MakeCommands>
					<Build command="/usr/bin/make -f &quot;/home/kevin/devstone/Makefile&quot;  VERBOSE=1 cadmium-devstone/fast"/>
					<CompileFile command="/usr/bin/make -f &quot;/home/kevin/devstone/Makefile&quot;  VERBOSE=1 &quot;$file&quot;"/>
					<Clean command="/usr/bin/make -f &quot;/home/kevin/devstone/Makefile&quot;  VERBOSE=1 clean"/>
					<DistClean command="/usr/bin/make -f &quot;/home/kevin/devstone/Makefile&quot;  VERBOSE=1 clean"/>
				</MakeCommands>
			</Target>
		</Build>
		<Unit filename="/home/kevin/devstone/events.txt">
			<Option target="cadmium-dynamic-conc-devstone"/>
			<Option target="cadmium-dynamic-devstone"/>
		</Unit>
		<Unit filename="/home/kevin/devstone/src/cadmium-devstone-atomic.hpp">
			<Option target="cadmium-dynamic-conc-devstone"/>
			<Option target="cadmium-dynamic-devstone"/>
		</Unit>
		<Unit filename="/home/kevin/devstone/src/cadmium-devstone.cpp">
			<Option target="cadmium-devstone"/>
		</Unit>
		<Unit filename="/home/kevin/devstone/src/cadmium-dynamic-devstone.cpp">
			<Option target="cadmium-dynamic-conc-devstone"/>
			<Option target="cadmium-dynamic-devstone"/>
		</Unit>
		<Unit filename="/home/kevin/devstone/src/cadmium-event-reader.hpp">
			<Option target="cadmium-dynamic-conc-devstone"/>
			<Option target="cadmium-dynamic-devstone"/>
		</Unit>
		<Unit filename="/home/kevin/devstone/src/cdboost-devstone-atomic.hpp">
			<Option target="cdboost-devstone"/>
		</Unit>
		<Unit filename="/home/kevin/devstone/src/cdboost-devstone.cpp">
			<Option target="cdboost-devstone"/>
		</Unit>
		<Unit filename="/home/kevin/devstone/CMakeLists.txt">
			<Option virtualFolder="CMake Files\"/>
		</Unit>
	</Project>
</CodeBlocks_project_file>
